
Microsoft Visual Studio Solution File, Format Version 12.00
# Visual Studio Version 17
VisualStudioVersion = 17.10.34916.146
MinimumVisualStudioVersion = 10.0.40219.1
Project("{FAE04EC0-301F-11D3-BF4B-00C04F79EFBC}") = "TableMasterMiddleware", "TableMasterMiddleware\TableMasterMiddleware.csproj", "{466596F1-7A80-438F-8A3F-1DEA5F9044FA}"
EndProject
Global
	GlobalSection(SolutionConfigurationPlatforms) = preSolution
		Debug|Any CPU = Debug|Any CPU
		Release|Any CPU = Release|Any CPU
	EndGlobalSection
	GlobalSection(ProjectConfigurationPlatforms) = postSolution
		{466596F1-7A80-438F-8A3F-1DEA5F9044FA}.Debug|Any CPU.ActiveCfg = Debug|Any CPU
		{466596F1-7A80-438F-8A3F-1DEA5F9044FA}.Debug|Any CPU.Build.0 = Debug|Any CPU
		{466596F1-7A80-438F-8A3F-1DEA5F9044FA}.Release|Any CPU.ActiveCfg = Release|Any CPU
		{466596F1-7A80-438F-8A3F-1DEA5F9044FA}.Release|Any CPU.Build.0 = Release|Any CPU
	EndGlobalSection
	GlobalSection(SolutionProperties) = preSolution
		HideSolutionNode = FALSE
	EndGlobalSection
	GlobalSection(ExtensibilityGlobals) = postSolution
		SolutionGuid = {F05E4448-CD6A-467E-8691-6E9DC5A14C4D}
	EndGlobalSection
EndGlobal
