
Microsoft Visual Studio Solution File, Format Version 12.00
# Visual Studio Version 17
VisualStudioVersion = 17.10.34916.146
MinimumVisualStudioVersion = 10.0.40219.1
Project("{FAE04EC0-301F-11D3-BF4B-00C04F79EFBC}") = "RouteShowcase", "RouteShowcase\RouteShowcase.csproj", "{658E8555-80D6-4454-9029-113C83DE902C}"
EndProject
Global
	GlobalSection(SolutionConfigurationPlatforms) = preSolution
		Debug|Any CPU = Debug|Any CPU
		Release|Any CPU = Release|Any CPU
	EndGlobalSection
	GlobalSection(ProjectConfigurationPlatforms) = postSolution
		{658E8555-80D6-4454-9029-113C83DE902C}.Debug|Any CPU.ActiveCfg = Debug|Any CPU
		{658E8555-80D6-4454-9029-113C83DE902C}.Debug|Any CPU.Build.0 = Debug|Any CPU
		{658E8555-80D6-4454-9029-113C83DE902C}.Release|Any CPU.ActiveCfg = Release|Any CPU
		{658E8555-80D6-4454-9029-113C83DE902C}.Release|Any CPU.Build.0 = Release|Any CPU
	EndGlobalSection
	GlobalSection(SolutionProperties) = preSolution
		HideSolutionNode = FALSE
	EndGlobalSection
	GlobalSection(ExtensibilityGlobals) = postSolution
		SolutionGuid = {6194AB78-6BE5-4A17-BD74-9E9BE3D47DB6}
	EndGlobalSection
EndGlobal
